
Microsoft Visual Studio Solution File, Format Version 12.00
# Visual Studio Version 17
VisualStudioVersion = 17.13.35931.197
MinimumVisualStudioVersion = 10.0.40219.1
Project("{FAE04EC0-301F-11D3-BF4B-00C04F79EFBC}") = "SecureNotes", "SecureNotes.csproj", "{5DE48772-10AC-4ED0-9526-84EBC2E134A4}"
EndProject
Project("{2150E333-8FDC-42A3-9474-1A3956D46DE8}") = "Solution Items", "Solution Items", "{8EC462FD-D22E-90A8-E5CE-7E832BA40C5D}"
	ProjectSection(SolutionItems) = preProject
		CreateGroupDialog.cs = CreateGroupDialog.cs
		CreateNoteForm.cs = CreateNoteForm.cs
		CryptoService.cs = CryptoService.cs
		DatabaseHelper.cs = DatabaseHelper.cs
		DeleteAccountForm.cs = DeleteAccountForm.cs
		Group.cs = Group.cs
		GroupMember.cs = GroupMember.cs
		JoinGroupDialog.cs = JoinGroupDialog.cs
		LoginForm.cs = LoginForm.cs
		MainForm.cs = MainForm.cs
		Note.cs = Note.cs
		NoteCard.cs = NoteCard.cs
		PinPromptForm.cs = PinPromptForm.cs
		Program.cs = Program.cs
		SettingsForm.cs = SettingsForm.cs
		ThemeManager.cs = ThemeManager.cs
		UIHelpers.cs = UIHelpers.cs
		User.cs = User.cs
	EndProjectSection
EndProject
Global
	GlobalSection(SolutionConfigurationPlatforms) = preSolution
		Debug|Any CPU = Debug|Any CPU
		Release|Any CPU = Release|Any CPU
	EndGlobalSection
	GlobalSection(ProjectConfigurationPlatforms) = postSolution
		{5DE48772-10AC-4ED0-9526-84EBC2E134A4}.Debug|Any CPU.ActiveCfg = Debug|Any CPU
		{5DE48772-10AC-4ED0-9526-84EBC2E134A4}.Debug|Any CPU.Build.0 = Debug|Any CPU
		{5DE48772-10AC-4ED0-9526-84EBC2E134A4}.Release|Any CPU.ActiveCfg = Release|Any CPU
		{5DE48772-10AC-4ED0-9526-84EBC2E134A4}.Release|Any CPU.Build.0 = Release|Any CPU
	EndGlobalSection
	GlobalSection(SolutionProperties) = preSolution
		HideSolutionNode = FALSE
	EndGlobalSection
	GlobalSection(ExtensibilityGlobals) = postSolution
		SolutionGuid = {5BEDB2B8-191D-45B4-8541-E32220DE3DC7}
	EndGlobalSection
EndGlobal
